
Microsoft Visual Studio Solution File, Format Version 12.00
# Visual Studio Version 17
VisualStudioVersion = 17.14.37411.7 d17.14
MinimumVisualStudioVersion = 10.0.40219.1
Project("{FAE04EC0-301F-11D3-BF4B-00C04F79EFBC}") = "G-NET-03-C#-3", "G-NET-03-C#-3\G-NET-03-C#-3.csproj", "{099202D1-D41B-410D-A598-A09DDD8EB79F}"
EndProject
Global
	GlobalSection(SolutionConfigurationPlatforms) = preSolution
		Debug|Any CPU = Debug|Any CPU
		Release|Any CPU = Release|Any CPU
	EndGlobalSection
	GlobalSection(ProjectConfigurationPlatforms) = postSolution
		{099202D1-D41B-410D-A598-A09DDD8EB79F}.Debug|Any CPU.ActiveCfg = Debug|Any CPU
		{099202D1-D41B-410D-A598-A09DDD8EB79F}.Debug|Any CPU.Build.0 = Debug|Any CPU
		{099202D1-D41B-410D-A598-A09DDD8EB79F}.Release|Any CPU.ActiveCfg = Release|Any CPU
		{099202D1-D41B-410D-A598-A09DDD8EB79F}.Release|Any CPU.Build.0 = Release|Any CPU
	EndGlobalSection
	GlobalSection(SolutionProperties) = preSolution
		HideSolutionNode = FALSE
	EndGlobalSection
	GlobalSection(ExtensibilityGlobals) = postSolution
		SolutionGuid = {18A9755A-DA56-4183-BA4D-11BA31D45A3E}
	EndGlobalSection
EndGlobal
